{
  "version": 4,
  "terraform_version": "1.2.8",
  "serial": 80,
  "lineage": "1cdccdae-46bb-c39d-cf00-b40db3d6ad63",
  "outputs": {
    "aws_load_balancer_controller_role_arn": {
      "value": "arn:aws:iam::951208753434:role/aws-load-balancer-controller",
      "type": "string"
    }
  },
  "resources": [
    {
      "mode": "data",
      "type": "aws_iam_policy_document",
      "name": "aws_load_balancer_controller_assume_role_policy",
      "provider": "provider[\"registry.terraform.io/hashicorp/aws\"]",
      "instances": [
        {
          "schema_version": 0,
          "attributes": {
            "id": "2617412161",
            "json": "{\n  \"Version\": \"2012-10-17\",\n  \"Statement\": [\n    {\n      \"Sid\": \"\",\n      \"Effect\": \"Allow\",\n      \"Action\": \"sts:AssumeRoleWithWebIdentity\",\n      \"Principal\": {\n        \"Federated\": \"arn:aws:iam::951208753434:oidc-provider/oidc.eks.eu-west-1.amazonaws.com/id/5B6DABFCEF1BEC3154B2A92CD569F624\"\n      },\n      \"Condition\": {\n        \"StringEquals\": {\n          \"oidc.eks.eu-west-1.amazonaws.com/id/5B6DABFCEF1BEC3154B2A92CD569F624:sub\": \"system:serviceaccount:kube-system:aws-load-balancer-controller\"\n        }\n      }\n    }\n  ]\n}",
            "override_json": null,
            "override_policy_documents": null,
            "policy_id": null,
            "source_json": null,
            "source_policy_documents": null,
            "statement": [
              {
                "actions": [
                  "sts:AssumeRoleWithWebIdentity"
                ],
                "condition": [
                  {
                    "test": "StringEquals",
                    "values": [
                      "system:serviceaccount:kube-system:aws-load-balancer-controller"
                    ],
                    "variable": "oidc.eks.eu-west-1.amazonaws.com/id/5B6DABFCEF1BEC3154B2A92CD569F624:sub"
                  }
                ],
                "effect": "Allow",
                "not_actions": [],
                "not_principals": [],
                "not_resources": [],
                "principals": [
                  {
                    "identifiers": [
                      "arn:aws:iam::951208753434:oidc-provider/oidc.eks.eu-west-1.amazonaws.com/id/5B6DABFCEF1BEC3154B2A92CD569F624"
                    ],
                    "type": "Federated"
                  }
                ],
                "resources": [],
                "sid": ""
              }
            ],
            "version": "2012-10-17"
          },
          "sensitive_attributes": []
        }
      ]
    },
    {
      "mode": "data",
      "type": "aws_internet_gateway",
      "name": "igw",
      "provider": "provider[\"registry.terraform.io/hashicorp/aws\"]",
      "instances": [
        {
          "schema_version": 0,
          "attributes": {
            "arn": "arn:aws:ec2:eu-west-1:951208753434:internet-gateway/igw-06508981fefba086f",
            "attachments": [
              {
                "state": "available",
                "vpc_id": "vpc-0d14f6586e6b10314"
              }
            ],
            "filter": [
              {
                "name": "tag:Name",
                "values": [
                  "eksctl-DFX-EKS-CLUSTER-cluster/InternetGateway"
                ]
              }
            ],
            "id": "igw-06508981fefba086f",
            "internet_gateway_id": "igw-06508981fefba086f",
            "owner_id": "951208753434",
            "tags": {
              "Name": "eksctl-DFX-EKS-CLUSTER-cluster/InternetGateway",
              "Project": "Openbanking-fdx-dev",
              "alpha.eksctl.io/cluster-name": "DFX-EKS-CLUSTER",
              "alpha.eksctl.io/eksctl-version": "0.79.0",
              "eksctl.cluster.k8s.io/v1alpha1/cluster-name": "DFX-EKS-CLUSTER"
            }
          },
          "sensitive_attributes": []
        }
      ]
    },
    {
      "mode": "data",
      "type": "aws_subnet",
      "name": "private_sub_devops1a",
      "provider": "provider[\"registry.terraform.io/hashicorp/aws\"]",
      "instances": [
        {
          "schema_version": 0,
          "attributes": {
            "arn": "arn:aws:ec2:eu-west-1:951208753434:subnet/subnet-066bdf321c7bf0bd8",
            "assign_ipv6_address_on_creation": false,
            "availability_zone": "eu-west-1a",
            "availability_zone_id": "euw1-az1",
            "available_ip_address_count": 8138,
            "cidr_block": "192.168.96.0/19",
            "customer_owned_ipv4_pool": "",
            "default_for_az": false,
            "enable_dns64": false,
            "enable_resource_name_dns_a_record_on_launch": false,
            "enable_resource_name_dns_aaaa_record_on_launch": false,
            "filter": [
              {
                "name": "tag:Name",
                "values": [
                  "eksctl-DFX-EKS-CLUSTER-cluster/SubnetPrivateEUWEST1A"
                ]
              }
            ],
            "id": "subnet-066bdf321c7bf0bd8",
            "ipv6_cidr_block": "",
            "ipv6_cidr_block_association_id": "",
            "ipv6_native": false,
            "map_customer_owned_ip_on_launch": false,
            "map_public_ip_on_launch": false,
            "outpost_arn": "",
            "owner_id": "951208753434",
            "private_dns_hostname_type_on_launch": "ip-name",
            "state": "available",
            "tags": {
              "Name": "eksctl-DFX-EKS-CLUSTER-cluster/SubnetPrivateEUWEST1A",
              "Project": "Openbanking-fdx-dev",
              "alpha.eksctl.io/cluster-name": "DFX-EKS-CLUSTER",
              "alpha.eksctl.io/eksctl-version": "0.79.0",
              "eksctl.cluster.k8s.io/v1alpha1/cluster-name": "DFX-EKS-CLUSTER",
              "kubernetes.io/role/internal-elb": "1"
            },
            "vpc_id": "vpc-0d14f6586e6b10314"
          },
          "sensitive_attributes": []
        }
      ]
    },
    {
      "mode": "data",
      "type": "aws_subnet",
      "name": "private_sub_devops1b",
      "provider": "provider[\"registry.terraform.io/hashicorp/aws\"]",
      "instances": [
        {
          "schema_version": 0,
          "attributes": {
            "arn": "arn:aws:ec2:eu-west-1:951208753434:subnet/subnet-0e02ee43e97ae13d0",
            "assign_ipv6_address_on_creation": false,
            "availability_zone": "eu-west-1b",
            "availability_zone_id": "euw1-az2",
            "available_ip_address_count": 8109,
            "cidr_block": "192.168.160.0/19",
            "customer_owned_ipv4_pool": "",
            "default_for_az": false,
            "enable_dns64": false,
            "enable_resource_name_dns_a_record_on_launch": false,
            "enable_resource_name_dns_aaaa_record_on_launch": false,
            "filter": [
              {
                "name": "tag:Name",
                "values": [
                  "eksctl-DFX-EKS-CLUSTER-cluster/SubnetPrivateEUWEST1B"
                ]
              }
            ],
            "id": "subnet-0e02ee43e97ae13d0",
            "ipv6_cidr_block": "",
            "ipv6_cidr_block_association_id": "",
            "ipv6_native": false,
            "map_customer_owned_ip_on_launch": false,
            "map_public_ip_on_launch": false,
            "outpost_arn": "",
            "owner_id": "951208753434",
            "private_dns_hostname_type_on_launch": "ip-name",
            "state": "available",
            "tags": {
              "Name": "eksctl-DFX-EKS-CLUSTER-cluster/SubnetPrivateEUWEST1B",
              "Project": "Openbanking-fdx-dev",
              "alpha.eksctl.io/cluster-name": "DFX-EKS-CLUSTER",
              "alpha.eksctl.io/eksctl-version": "0.79.0",
              "eksctl.cluster.k8s.io/v1alpha1/cluster-name": "DFX-EKS-CLUSTER",
              "kubernetes.io/role/internal-elb": "1"
            },
            "vpc_id": "vpc-0d14f6586e6b10314"
          },
          "sensitive_attributes": []
        }
      ]
    },
    {
      "mode": "data",
      "type": "aws_subnet",
      "name": "private_sub_devops1c",
      "provider": "provider[\"registry.terraform.io/hashicorp/aws\"]",
      "instances": [
        {
          "schema_version": 0,
          "attributes": {
            "arn": "arn:aws:ec2:eu-west-1:951208753434:subnet/subnet-039c47e575bbded2b",
            "assign_ipv6_address_on_creation": false,
            "availability_zone": "eu-west-1c",
            "availability_zone_id": "euw1-az3",
            "available_ip_address_count": 8036,
            "cidr_block": "192.168.128.0/19",
            "customer_owned_ipv4_pool": "",
            "default_for_az": false,
            "enable_dns64": false,
            "enable_resource_name_dns_a_record_on_launch": false,
            "enable_resource_name_dns_aaaa_record_on_launch": false,
            "filter": [
              {
                "name": "tag:Name",
                "values": [
                  "eksctl-DFX-EKS-CLUSTER-cluster/SubnetPrivateEUWEST1C"
                ]
              }
            ],
            "id": "subnet-039c47e575bbded2b",
            "ipv6_cidr_block": "",
            "ipv6_cidr_block_association_id": "",
            "ipv6_native": false,
            "map_customer_owned_ip_on_launch": false,
            "map_public_ip_on_launch": false,
            "outpost_arn": "",
            "owner_id": "951208753434",
            "private_dns_hostname_type_on_launch": "ip-name",
            "state": "available",
            "tags": {
              "Name": "eksctl-DFX-EKS-CLUSTER-cluster/SubnetPrivateEUWEST1C",
              "Project": "Openbanking-fdx-dev",
              "alpha.eksctl.io/cluster-name": "DFX-EKS-CLUSTER",
              "alpha.eksctl.io/eksctl-version": "0.79.0",
              "eksctl.cluster.k8s.io/v1alpha1/cluster-name": "DFX-EKS-CLUSTER",
              "kubernetes.io/role/internal-elb": "1"
            },
            "vpc_id": "vpc-0d14f6586e6b10314"
          },
          "sensitive_attributes": []
        }
      ]
    },
    {
      "mode": "data",
      "type": "aws_subnet",
      "name": "public_sub_devops1a",
      "provider": "provider[\"registry.terraform.io/hashicorp/aws\"]",
      "instances": [
        {
          "schema_version": 0,
          "attributes": {
            "arn": "arn:aws:ec2:eu-west-1:951208753434:subnet/subnet-088da042945e7c206",
            "assign_ipv6_address_on_creation": false,
            "availability_zone": "eu-west-1a",
            "availability_zone_id": "euw1-az1",
            "available_ip_address_count": 8093,
            "cidr_block": "192.168.0.0/19",
            "customer_owned_ipv4_pool": "",
            "default_for_az": false,
            "enable_dns64": false,
            "enable_resource_name_dns_a_record_on_launch": false,
            "enable_resource_name_dns_aaaa_record_on_launch": false,
            "filter": [
              {
                "name": "tag:Name",
                "values": [
                  "eksctl-DFX-EKS-CLUSTER-cluster/SubnetPublicEUWEST1A"
                ]
              }
            ],
            "id": "subnet-088da042945e7c206",
            "ipv6_cidr_block": "",
            "ipv6_cidr_block_association_id": "",
            "ipv6_native": false,
            "map_customer_owned_ip_on_launch": false,
            "map_public_ip_on_launch": true,
            "outpost_arn": "",
            "owner_id": "951208753434",
            "private_dns_hostname_type_on_launch": "ip-name",
            "state": "available",
            "tags": {
              "Name": "eksctl-DFX-EKS-CLUSTER-cluster/SubnetPublicEUWEST1A",
              "Project": "Openbanking-fdx-dev",
              "alpha.eksctl.io/cluster-name": "DFX-EKS-CLUSTER",
              "alpha.eksctl.io/eksctl-version": "0.79.0",
              "eksctl.cluster.k8s.io/v1alpha1/cluster-name": "DFX-EKS-CLUSTER",
              "kubernetes.io/role/elb": "1"
            },
            "vpc_id": "vpc-0d14f6586e6b10314"
          },
          "sensitive_attributes": []
        }
      ]
    },
    {
      "mode": "data",
      "type": "aws_subnet",
      "name": "public_sub_devops1b",
      "provider": "provider[\"registry.terraform.io/hashicorp/aws\"]",
      "instances": [
        {
          "schema_version": 0,
          "attributes": {
            "arn": "arn:aws:ec2:eu-west-1:951208753434:subnet/subnet-0b1d12070e33bca7c",
            "assign_ipv6_address_on_creation": false,
            "availability_zone": "eu-west-1b",
            "availability_zone_id": "euw1-az2",
            "available_ip_address_count": 8094,
            "cidr_block": "192.168.64.0/19",
            "customer_owned_ipv4_pool": "",
            "default_for_az": false,
            "enable_dns64": false,
            "enable_resource_name_dns_a_record_on_launch": false,
            "enable_resource_name_dns_aaaa_record_on_launch": false,
            "filter": [
              {
                "name": "tag:Name",
                "values": [
                  "eksctl-DFX-EKS-CLUSTER-cluster/SubnetPublicEUWEST1B"
                ]
              }
            ],
            "id": "subnet-0b1d12070e33bca7c",
            "ipv6_cidr_block": "",
            "ipv6_cidr_block_association_id": "",
            "ipv6_native": false,
            "map_customer_owned_ip_on_launch": false,
            "map_public_ip_on_launch": true,
            "outpost_arn": "",
            "owner_id": "951208753434",
            "private_dns_hostname_type_on_launch": "ip-name",
            "state": "available",
            "tags": {
              "Name": "eksctl-DFX-EKS-CLUSTER-cluster/SubnetPublicEUWEST1B",
              "Project": "Openbanking-fdx-dev",
              "alpha.eksctl.io/cluster-name": "DFX-EKS-CLUSTER",
              "alpha.eksctl.io/eksctl-version": "0.79.0",
              "eksctl.cluster.k8s.io/v1alpha1/cluster-name": "DFX-EKS-CLUSTER",
              "kubernetes.io/role/elb": "1"
            },
            "vpc_id": "vpc-0d14f6586e6b10314"
          },
          "sensitive_attributes": []
        }
      ]
    },
    {
      "mode": "data",
      "type": "aws_subnet",
      "name": "public_sub_devops1c",
      "provider": "provider[\"registry.terraform.io/hashicorp/aws\"]",
      "instances": [
        {
          "schema_version": 0,
          "attributes": {
            "arn": "arn:aws:ec2:eu-west-1:951208753434:subnet/subnet-0ab0d08ad90e96153",
            "assign_ipv6_address_on_creation": false,
            "availability_zone": "eu-west-1c",
            "availability_zone_id": "euw1-az3",
            "available_ip_address_count": 8185,
            "cidr_block": "192.168.32.0/19",
            "customer_owned_ipv4_pool": "",
            "default_for_az": false,
            "enable_dns64": false,
            "enable_resource_name_dns_a_record_on_launch": false,
            "enable_resource_name_dns_aaaa_record_on_launch": false,
            "filter": [
              {
                "name": "tag:Name",
                "values": [
                  "eksctl-DFX-EKS-CLUSTER-cluster/SubnetPublicEUWEST1C"
                ]
              }
            ],
            "id": "subnet-0ab0d08ad90e96153",
            "ipv6_cidr_block": "",
            "ipv6_cidr_block_association_id": "",
            "ipv6_native": false,
            "map_customer_owned_ip_on_launch": false,
            "map_public_ip_on_launch": true,
            "outpost_arn": "",
            "owner_id": "951208753434",
            "private_dns_hostname_type_on_launch": "ip-name",
            "state": "available",
            "tags": {
              "Name": "eksctl-DFX-EKS-CLUSTER-cluster/SubnetPublicEUWEST1C",
              "Project": "Openbanking-fdx-dev",
              "alpha.eksctl.io/cluster-name": "DFX-EKS-CLUSTER",
              "alpha.eksctl.io/eksctl-version": "0.79.0",
              "eksctl.cluster.k8s.io/v1alpha1/cluster-name": "DFX-EKS-CLUSTER",
              "kubernetes.io/role/elb": "1"
            },
            "vpc_id": "vpc-0d14f6586e6b10314"
          },
          "sensitive_attributes": []
        }
      ]
    },
    {
      "mode": "data",
      "type": "aws_vpc",
      "name": "vpc_devops",
      "provider": "provider[\"registry.terraform.io/hashicorp/aws\"]",
      "instances": [
        {
          "schema_version": 0,
          "attributes": {
            "arn": "arn:aws:ec2:eu-west-1:951208753434:vpc/vpc-0d14f6586e6b10314",
            "cidr_block": "192.168.0.0/16",
            "cidr_block_associations": [
              {
                "association_id": "vpc-cidr-assoc-00c5fce567d0e0c31",
                "cidr_block": "192.168.0.0/16",
                "state": "associated"
              }
            ],
            "default": false,
            "dhcp_options_id": "dopt-9dc1d0fb",
            "enable_dns_hostnames": true,
            "enable_dns_support": true,
            "filter": [
              {
                "name": "tag:Name",
                "values": [
                  "eksctl-DFX-EKS-CLUSTER-cluster/VPC"
                ]
              }
            ],
            "id": "vpc-0d14f6586e6b10314",
            "instance_tenancy": "default",
            "ipv6_association_id": "",
            "ipv6_cidr_block": "",
            "main_route_table_id": "rtb-09b28dae5adbe6745",
            "owner_id": "951208753434",
            "state": null,
            "tags": {
              "Name": "eksctl-DFX-EKS-CLUSTER-cluster/VPC",
              "Project": "Openbanking-fdx-dev",
              "alpha.eksctl.io/cluster-name": "DFX-EKS-CLUSTER",
              "alpha.eksctl.io/eksctl-version": "0.79.0",
              "eksctl.cluster.k8s.io/v1alpha1/cluster-name": "DFX-EKS-CLUSTER"
            }
          },
          "sensitive_attributes": []
        }
      ]
    },
    {
      "mode": "data",
      "type": "tls_certificate",
      "name": "eks",
      "provider": "provider[\"registry.terraform.io/hashicorp/tls\"]",
      "instances": [
        {
          "schema_version": 0,
          "attributes": {
            "certificates": [
              {
                "is_ca": true,
                "issuer": "OU=Starfield Class 2 Certification Authority,O=Starfield Technologies\\, Inc.,C=US",
                "not_after": "2034-06-28T17:39:16Z",
                "not_before": "2009-09-02T00:00:00Z",
                "public_key_algorithm": "RSA",
                "serial_number": "12037640545166866303",
                "sha1_fingerprint": "9e99a48a9960b14926bb7f3b02e22da2b0ab7280",
                "signature_algorithm": "SHA256-RSA",
                "subject": "CN=Starfield Services Root Certificate Authority - G2,O=Starfield Technologies\\, Inc.,L=Scottsdale,ST=Arizona,C=US",
                "version": 3
              },
              {
                "is_ca": true,
                "issuer": "CN=Starfield Services Root Certificate Authority - G2,O=Starfield Technologies\\, Inc.,L=Scottsdale,ST=Arizona,C=US",
                "not_after": "2037-12-31T01:00:00Z",
                "not_before": "2015-05-25T12:00:00Z",
                "public_key_algorithm": "RSA",
                "serial_number": "144918191876577076464031512351042010504348870",
                "sha1_fingerprint": "06b25927c42a721631c1efd9431e648fa62e1e39",
                "signature_algorithm": "SHA256-RSA",
                "subject": "CN=Amazon Root CA 1,O=Amazon,C=US",
                "version": 3
              },
              {
                "is_ca": true,
                "issuer": "CN=Amazon Root CA 1,O=Amazon,C=US",
                "not_after": "2025-10-19T00:00:00Z",
                "not_before": "2015-10-22T00:00:00Z",
                "public_key_algorithm": "RSA",
                "serial_number": "144918209630989264145272943054026349679957517",
                "sha1_fingerprint": "917e732d330f9a12404f73d8bea36948b929dffc",
                "signature_algorithm": "SHA256-RSA",
                "subject": "CN=Amazon,OU=Server CA 1B,O=Amazon,C=US",
                "version": 3
              },
              {
                "is_ca": false,
                "issuer": "CN=Amazon,OU=Server CA 1B,O=Amazon,C=US",
                "not_after": "2023-06-13T23:59:59Z",
                "not_before": "2022-05-15T00:00:00Z",
                "public_key_algorithm": "RSA",
                "serial_number": "8032791768516481049932338475250583609",
                "sha1_fingerprint": "bc02d93ab35b617c527611b977ca09ef76c81bb5",
                "signature_algorithm": "SHA256-RSA",
                "subject": "CN=oidc.eks.eu-west-1.amazonaws.com",
                "version": 3
              }
            ],
            "id": "2022-09-15 05:26:05.4896511 +0000 UTC",
            "url": "https://oidc.eks.eu-west-1.amazonaws.com/id/5B6DABFCEF1BEC3154B2A92CD569F624",
            "verify_chain": true
          },
          "sensitive_attributes": []
        }
      ]
    },
    {
      "mode": "managed",
      "type": "aws_eip",
      "name": "axway-eip",
      "provider": "provider[\"registry.terraform.io/hashicorp/aws\"]",
      "instances": [
        {
          "schema_version": 0,
          "attributes": {
            "address": null,
            "allocation_id": "eipalloc-005450fd6ad72dec5",
            "associate_with_private_ip": null,
            "association_id": "eipassoc-041f0b31dfdb23a5c",
            "carrier_ip": "",
            "customer_owned_ip": "",
            "customer_owned_ipv4_pool": "",
            "domain": "vpc",
            "id": "eipalloc-005450fd6ad72dec5",
            "instance": "",
            "network_border_group": "eu-west-1",
            "network_interface": "eni-02f62231a3bdf50f9",
            "private_dns": "ip-192-168-101-177.eu-west-1.compute.internal",
            "private_ip": "192.168.101.177",
            "public_dns": "ec2-176-34-213-0.eu-west-1.compute.amazonaws.com",
            "public_ip": "176.34.213.0",
            "public_ipv4_pool": "amazon",
            "tags": {
              "Name": "axway-eip"
            },
            "tags_all": {
              "Name": "axway-eip"
            },
            "timeouts": null,
            "vpc": true
          },
          "sensitive_attributes": [],
          "private": "eyJlMmJmYjczMC1lY2FhLTExZTYtOGY4OC0zNDM2M2JjN2M0YzAiOnsiZGVsZXRlIjoxODAwMDAwMDAwMDAsInJlYWQiOjkwMDAwMDAwMDAwMCwidXBkYXRlIjozMDAwMDAwMDAwMDB9fQ=="
        }
      ]
    },
    {
      "mode": "managed",
      "type": "aws_eks_cluster",
      "name": "axway-cluster",
      "provider": "provider[\"registry.terraform.io/hashicorp/aws\"]",
      "instances": [
        {
          "schema_version": 0,
          "attributes": {
            "arn": "arn:aws:eks:eu-west-1:951208753434:cluster/axway-cluster",
            "certificate_authority": [
              {
                "data": "LS0tLS1CRUdJTiBDRVJUSUZJQ0FURS0tLS0tCk1JSUMvakNDQWVhZ0F3SUJBZ0lCQURBTkJna3Foa2lHOXcwQkFRc0ZBREFWTVJNd0VRWURWUVFERXdwcmRXSmwKY201bGRHVnpNQjRYRFRJeU1Ea3hOVEEwTURreE5sb1hEVE15TURreE1qQTBNRGt4Tmxvd0ZURVRNQkVHQTFVRQpBeE1LYTNWaVpYSnVaWFJsY3pDQ0FTSXdEUVlKS29aSWh2Y05BUUVCQlFBRGdnRVBBRENDQVFvQ2dnRUJBUE40Ci96LzJ4V3VYa2Q4cGdvMUs0K1o2dGVuRFdPQlhnSnlMc0NhUDNSOXMxL0VmR0c4c1JUV3U1OTlNckVoN2M1cTEKQ283eTZ3NGJKbURrWUxvVWs2NHJYaFhrbHJDWnUvNWN2K1lJcEpKaExqUDNPc2dBOXNYbmJPa2dvRWtBVUZFOAo4NnZ4Z1JtTjAwaDYwMFhkZ05HTmsrd0FjajVwL1JpT3FTbzlIZjNrWG9FRU1xaVFVdmJNR1U4V2EvODh5QlVLCkZGYSsva1FvWXg3N1ZLM3hPR2R0Q2M5bnc0RktwdnpVaHpTV3VIN3ZiWDFleDBRYjZhMWtaS2xCTzQwS2NnaUoKV1BpT2dldjh6ZDZQWmhIaUh4ZE5xRFJZYWhzcU9xdm5iaktwMjB1bHU3WE5PanpEc0MzQWh4dFJ2VTI1SzRaYgpBNWliSTRHa29qWTVmQ0Q3MXZFQ0F3RUFBYU5aTUZjd0RnWURWUjBQQVFIL0JBUURBZ0trTUE4R0ExVWRFd0VCCi93UUZNQU1CQWY4d0hRWURWUjBPQkJZRUZDeCtZby9qNnV1SGNMSllGQS9zNjZvNFNLYUdNQlVHQTFVZEVRUU8KTUF5Q0NtdDFZbVZ5Ym1WMFpYTXdEUVlKS29aSWh2Y05BUUVMQlFBRGdnRUJBRFlrV0tlSXViY050UUU3KzE3aQozN0Z6K01JZkU3WkFJVG9yeFBVUCtUQko3T1BlNmh4TEZha0FldzNabjFRQVJiVXIvN3BqQm0vMlJLVytnK1dBClE5ZXYyNE1vT1lvV3IwY0RFWFRCSTh1NU9OeFdMNGRDR2FBbmsxT3lKODBHa2pkQjlBR1ZUUG4ydDJidzZxMHQKckFEMlFPdDNUTEFhL1IxcC9HdFBvNjAwQnFtbDhkdTJ4cnFFamF4bVZaYWluSWkzTXM2MUR1WmVmRzEwdmxySApQQTdrQ1JsbXR3OGV6bTQ4WCt5Rk1Hanh6cWhSUjNRNWZMVnVYL2dNQ3V1YjBIYnJtaS90eHkvNTlmRDFlZWR0CmtDdHhudnpxaTRZTlVSTUt4V3hsT1BvcGZxd0NqbEN3VzR5a0VGUWFPNDNPbnRnK3pjWVRmQW90SXI4MDNPUmwKRmk4PQotLS0tLUVORCBDRVJUSUZJQ0FURS0tLS0tCg=="
              }
            ],
            "created_at": "2022-09-15 04:03:50.463 +0000 UTC",
            "enabled_cluster_log_types": [],
            "encryption_config": [],
            "endpoint": "https://5B6DABFCEF1BEC3154B2A92CD569F624.gr7.eu-west-1.eks.amazonaws.com",
            "id": "axway-cluster",
            "identity": [
              {
                "oidc": [
                  {
                    "issuer": "https://oidc.eks.eu-west-1.amazonaws.com/id/5B6DABFCEF1BEC3154B2A92CD569F624"
                  }
                ]
              }
            ],
            "kubernetes_network_config": [
              {
                "ip_family": "ipv4",
                "service_ipv4_cidr": "10.100.0.0/16"
              }
            ],
            "name": "axway-cluster",
            "platform_version": "eks.5",
            "role_arn": "arn:aws:iam::951208753434:role/eks-cluster-axway-cluster",
            "status": "ACTIVE",
            "tags": {},
            "tags_all": {},
            "timeouts": null,
            "version": "1.22",
            "vpc_config": [
              {
                "cluster_security_group_id": "sg-0b06be09eec19eebe",
                "endpoint_private_access": false,
                "endpoint_public_access": true,
                "public_access_cidrs": [
                  "0.0.0.0/0"
                ],
                "security_group_ids": [],
                "subnet_ids": [
                  "subnet-039c47e575bbded2b",
                  "subnet-066bdf321c7bf0bd8",
                  "subnet-088da042945e7c206",
                  "subnet-0ab0d08ad90e96153",
                  "subnet-0b1d12070e33bca7c",
                  "subnet-0e02ee43e97ae13d0"
                ],
                "vpc_id": "vpc-0d14f6586e6b10314"
              }
            ]
          },
          "sensitive_attributes": [],
          "private": "eyJlMmJmYjczMC1lY2FhLTExZTYtOGY4OC0zNDM2M2JjN2M0YzAiOnsiY3JlYXRlIjoxODAwMDAwMDAwMDAwLCJkZWxldGUiOjkwMDAwMDAwMDAwMCwidXBkYXRlIjozNjAwMDAwMDAwMDAwfX0=",
          "dependencies": [
            "aws_iam_role.eks-cluster",
            "aws_iam_role_policy_attachment.amazon-eks-cluster-policy",
            "data.aws_subnet.private_sub_devops1a",
            "data.aws_subnet.private_sub_devops1b",
            "data.aws_subnet.private_sub_devops1c",
            "data.aws_subnet.public_sub_devops1a",
            "data.aws_subnet.public_sub_devops1b",
            "data.aws_subnet.public_sub_devops1c"
          ]
        }
      ]
    },
    {
      "mode": "managed",
      "type": "aws_eks_node_group",
      "name": "private-nodes",
      "provider": "provider[\"registry.terraform.io/hashicorp/aws\"]",
      "instances": [
        {
          "schema_version": 0,
          "attributes": {
            "ami_type": "AL2_x86_64",
            "arn": "arn:aws:eks:eu-west-1:951208753434:nodegroup/axway-cluster/axway-nodes/6cc19fac-bf0b-f52b-cda3-40d2f21d0697",
            "capacity_type": "ON_DEMAND",
            "cluster_name": "axway-cluster",
            "disk_size": 20,
            "force_update_version": null,
            "id": "axway-cluster:axway-nodes",
            "instance_types": [
              "m5.xlarge"
            ],
            "labels": {
              "role": "general"
            },
            "launch_template": [],
            "node_group_name": "axway-nodes",
            "node_group_name_prefix": "",
            "node_role_arn": "arn:aws:iam::951208753434:role/eks-node-group-nodes",
            "release_version": "1.22.12-20220824",
            "remote_access": [],
            "resources": [
              {
                "autoscaling_groups": [
                  {
                    "name": "eks-axway-nodes-6cc19fac-bf0b-f52b-cda3-40d2f21d0697"
                  }
                ],
                "remote_access_security_group_id": ""
              }
            ],
            "scaling_config": [
              {
                "desired_size": 3,
                "max_size": 5,
                "min_size": 0
              }
            ],
            "status": "ACTIVE",
            "subnet_ids": [
              "subnet-039c47e575bbded2b",
              "subnet-066bdf321c7bf0bd8",
              "subnet-0e02ee43e97ae13d0"
            ],
            "tags": {},
            "tags_all": {},
            "taint": [],
            "timeouts": null,
            "update_config": [
              {
                "max_unavailable": 1,
                "max_unavailable_percentage": 0
              }
            ],
            "version": "1.22"
          },
          "sensitive_attributes": [],
          "private": "eyJlMmJmYjczMC1lY2FhLTExZTYtOGY4OC0zNDM2M2JjN2M0YzAiOnsiY3JlYXRlIjozNjAwMDAwMDAwMDAwLCJkZWxldGUiOjM2MDAwMDAwMDAwMDAsInVwZGF0ZSI6MzYwMDAwMDAwMDAwMH19",
          "dependencies": [
            "aws_eks_cluster.axway-cluster",
            "aws_iam_role.eks-cluster",
            "aws_iam_role.nodes",
            "aws_iam_role_policy_attachment.amazon-ec2-container-registry-read-only",
            "aws_iam_role_policy_attachment.amazon-eks-cluster-policy",
            "aws_iam_role_policy_attachment.amazon-eks-cni-policy",
            "aws_iam_role_policy_attachment.amazon-eks-worker-node-policy",
            "data.aws_subnet.private_sub_devops1a",
            "data.aws_subnet.private_sub_devops1b",
            "data.aws_subnet.private_sub_devops1c",
            "data.aws_subnet.public_sub_devops1a",
            "data.aws_subnet.public_sub_devops1b",
            "data.aws_subnet.public_sub_devops1c"
          ]
        }
      ]
    },
    {
      "mode": "managed",
      "type": "aws_iam_openid_connect_provider",
      "name": "eks",
      "provider": "provider[\"registry.terraform.io/hashicorp/aws\"]",
      "instances": [
        {
          "schema_version": 0,
          "attributes": {
            "arn": "arn:aws:iam::951208753434:oidc-provider/oidc.eks.eu-west-1.amazonaws.com/id/5B6DABFCEF1BEC3154B2A92CD569F624",
            "client_id_list": [
              "sts.amazonaws.com"
            ],
            "id": "arn:aws:iam::951208753434:oidc-provider/oidc.eks.eu-west-1.amazonaws.com/id/5B6DABFCEF1BEC3154B2A92CD569F624",
            "tags": {},
            "tags_all": {},
            "thumbprint_list": [
              "9e99a48a9960b14926bb7f3b02e22da2b0ab7280"
            ],
            "url": "oidc.eks.eu-west-1.amazonaws.com/id/5B6DABFCEF1BEC3154B2A92CD569F624"
          },
          "sensitive_attributes": [],
          "private": "bnVsbA==",
          "dependencies": [
            "aws_eks_cluster.axway-cluster",
            "aws_iam_role.eks-cluster",
            "aws_iam_role_policy_attachment.amazon-eks-cluster-policy",
            "data.aws_subnet.private_sub_devops1a",
            "data.aws_subnet.private_sub_devops1b",
            "data.aws_subnet.private_sub_devops1c",
            "data.aws_subnet.public_sub_devops1a",
            "data.aws_subnet.public_sub_devops1b",
            "data.aws_subnet.public_sub_devops1c",
            "data.tls_certificate.eks"
          ]
        }
      ]
    },
    {
      "mode": "managed",
      "type": "aws_iam_policy",
      "name": "aws_load_balancer_controller",
      "provider": "provider[\"registry.terraform.io/hashicorp/aws\"]",
      "instances": [
        {
          "schema_version": 0,
          "attributes": {
            "arn": "arn:aws:iam::951208753434:policy/AWSLoadBalancerController",
            "description": "",
            "id": "arn:aws:iam::951208753434:policy/AWSLoadBalancerController",
            "name": "AWSLoadBalancerController",
            "name_prefix": null,
            "path": "/",
            "policy": "{\"Statement\":[{\"Action\":[\"iam:CreateServiceLinkedRole\"],\"Condition\":{\"StringEquals\":{\"iam:AWSServiceName\":\"elasticloadbalancing.amazonaws.com\"}},\"Effect\":\"Allow\",\"Resource\":\"*\"},{\"Action\":[\"ec2:DescribeAccountAttributes\",\"ec2:DescribeAddresses\",\"ec2:DescribeAvailabilityZones\",\"ec2:DescribeInternetGateways\",\"ec2:DescribeVpcs\",\"ec2:DescribeVpcPeeringConnections\",\"ec2:DescribeSubnets\",\"ec2:DescribeSecurityGroups\",\"ec2:DescribeInstances\",\"ec2:DescribeNetworkInterfaces\",\"ec2:DescribeTags\",\"ec2:GetCoipPoolUsage\",\"ec2:DescribeCoipPools\",\"elasticloadbalancing:DescribeLoadBalancers\",\"elasticloadbalancing:DescribeLoadBalancerAttributes\",\"elasticloadbalancing:DescribeListeners\",\"elasticloadbalancing:DescribeListenerCertificates\",\"elasticloadbalancing:DescribeSSLPolicies\",\"elasticloadbalancing:DescribeRules\",\"elasticloadbalancing:DescribeTargetGroups\",\"elasticloadbalancing:DescribeTargetGroupAttributes\",\"elasticloadbalancing:DescribeTargetHealth\",\"elasticloadbalancing:DescribeTags\"],\"Effect\":\"Allow\",\"Resource\":\"*\"},{\"Action\":[\"cognito-idp:DescribeUserPoolClient\",\"acm:ListCertificates\",\"acm:DescribeCertificate\",\"iam:ListServerCertificates\",\"iam:GetServerCertificate\",\"waf-regional:GetWebACL\",\"waf-regional:GetWebACLForResource\",\"waf-regional:AssociateWebACL\",\"waf-regional:DisassociateWebACL\",\"wafv2:GetWebACL\",\"wafv2:GetWebACLForResource\",\"wafv2:AssociateWebACL\",\"wafv2:DisassociateWebACL\",\"shield:GetSubscriptionState\",\"shield:DescribeProtection\",\"shield:CreateProtection\",\"shield:DeleteProtection\"],\"Effect\":\"Allow\",\"Resource\":\"*\"},{\"Action\":[\"ec2:AuthorizeSecurityGroupIngress\",\"ec2:RevokeSecurityGroupIngress\"],\"Effect\":\"Allow\",\"Resource\":\"*\"},{\"Action\":[\"ec2:CreateSecurityGroup\"],\"Effect\":\"Allow\",\"Resource\":\"*\"},{\"Action\":[\"ec2:CreateTags\"],\"Condition\":{\"Null\":{\"aws:RequestTag/elbv2.k8s.aws/cluster\":\"false\"},\"StringEquals\":{\"ec2:CreateAction\":\"CreateSecurityGroup\"}},\"Effect\":\"Allow\",\"Resource\":\"arn:aws:ec2:*:*:security-group/*\"},{\"Action\":[\"ec2:CreateTags\",\"ec2:DeleteTags\"],\"Condition\":{\"Null\":{\"aws:RequestTag/elbv2.k8s.aws/cluster\":\"true\",\"aws:ResourceTag/elbv2.k8s.aws/cluster\":\"false\"}},\"Effect\":\"Allow\",\"Resource\":\"arn:aws:ec2:*:*:security-group/*\"},{\"Action\":[\"ec2:AuthorizeSecurityGroupIngress\",\"ec2:RevokeSecurityGroupIngress\",\"ec2:DeleteSecurityGroup\"],\"Condition\":{\"Null\":{\"aws:ResourceTag/elbv2.k8s.aws/cluster\":\"false\"}},\"Effect\":\"Allow\",\"Resource\":\"*\"},{\"Action\":[\"elasticloadbalancing:CreateLoadBalancer\",\"elasticloadbalancing:CreateTargetGroup\"],\"Condition\":{\"Null\":{\"aws:RequestTag/elbv2.k8s.aws/cluster\":\"false\"}},\"Effect\":\"Allow\",\"Resource\":\"*\"},{\"Action\":[\"elasticloadbalancing:CreateListener\",\"elasticloadbalancing:DeleteListener\",\"elasticloadbalancing:CreateRule\",\"elasticloadbalancing:DeleteRule\"],\"Effect\":\"Allow\",\"Resource\":\"*\"},{\"Action\":[\"elasticloadbalancing:AddTags\",\"elasticloadbalancing:RemoveTags\"],\"Condition\":{\"Null\":{\"aws:RequestTag/elbv2.k8s.aws/cluster\":\"true\",\"aws:ResourceTag/elbv2.k8s.aws/cluster\":\"false\"}},\"Effect\":\"Allow\",\"Resource\":[\"arn:aws:elasticloadbalancing:*:*:targetgroup/*/*\",\"arn:aws:elasticloadbalancing:*:*:loadbalancer/net/*/*\",\"arn:aws:elasticloadbalancing:*:*:loadbalancer/app/*/*\"]},{\"Action\":[\"elasticloadbalancing:AddTags\",\"elasticloadbalancing:RemoveTags\"],\"Effect\":\"Allow\",\"Resource\":[\"arn:aws:elasticloadbalancing:*:*:listener/net/*/*/*\",\"arn:aws:elasticloadbalancing:*:*:listener/app/*/*/*\",\"arn:aws:elasticloadbalancing:*:*:listener-rule/net/*/*/*\",\"arn:aws:elasticloadbalancing:*:*:listener-rule/app/*/*/*\"]},{\"Action\":[\"elasticloadbalancing:ModifyLoadBalancerAttributes\",\"elasticloadbalancing:SetIpAddressType\",\"elasticloadbalancing:SetSecurityGroups\",\"elasticloadbalancing:SetSubnets\",\"elasticloadbalancing:DeleteLoadBalancer\",\"elasticloadbalancing:ModifyTargetGroup\",\"elasticloadbalancing:ModifyTargetGroupAttributes\",\"elasticloadbalancing:DeleteTargetGroup\"],\"Condition\":{\"Null\":{\"aws:ResourceTag/elbv2.k8s.aws/cluster\":\"false\"}},\"Effect\":\"Allow\",\"Resource\":\"*\"},{\"Action\":[\"elasticloadbalancing:RegisterTargets\",\"elasticloadbalancing:DeregisterTargets\"],\"Effect\":\"Allow\",\"Resource\":\"arn:aws:elasticloadbalancing:*:*:targetgroup/*/*\"},{\"Action\":[\"elasticloadbalancing:SetWebAcl\",\"elasticloadbalancing:ModifyListener\",\"elasticloadbalancing:AddListenerCertificates\",\"elasticloadbalancing:RemoveListenerCertificates\",\"elasticloadbalancing:ModifyRule\"],\"Effect\":\"Allow\",\"Resource\":\"*\"}],\"Version\":\"2012-10-17\"}",
            "policy_id": "ANPA526DVXENBT5YQZLGB",
            "tags": {},
            "tags_all": {}
          },
          "sensitive_attributes": [],
          "private": "bnVsbA=="
        }
      ]
    },
    {
      "mode": "managed",
      "type": "aws_iam_role",
      "name": "aws_load_balancer_controller",
      "provider": "provider[\"registry.terraform.io/hashicorp/aws\"]",
      "instances": [
        {
          "schema_version": 0,
          "attributes": {
            "arn": "arn:aws:iam::951208753434:role/aws-load-balancer-controller",
            "assume_role_policy": "{\"Version\":\"2012-10-17\",\"Statement\":[{\"Sid\":\"\",\"Effect\":\"Allow\",\"Principal\":{\"Federated\":\"arn:aws:iam::951208753434:oidc-provider/oidc.eks.eu-west-1.amazonaws.com/id/5B6DABFCEF1BEC3154B2A92CD569F624\"},\"Action\":\"sts:AssumeRoleWithWebIdentity\",\"Condition\":{\"StringEquals\":{\"oidc.eks.eu-west-1.amazonaws.com/id/5B6DABFCEF1BEC3154B2A92CD569F624:sub\":\"system:serviceaccount:kube-system:aws-load-balancer-controller\"}}}]}",
            "create_date": "2022-09-15T03:33:39Z",
            "description": "",
            "force_detach_policies": false,
            "id": "aws-load-balancer-controller",
            "inline_policy": [
              {
                "name": "",
                "policy": ""
              }
            ],
            "managed_policy_arns": [
              "arn:aws:iam::951208753434:policy/AWSLoadBalancerController"
            ],
            "max_session_duration": 3600,
            "name": "aws-load-balancer-controller",
            "name_prefix": "",
            "path": "/",
            "permissions_boundary": null,
            "tags": {},
            "tags_all": {},
            "unique_id": "AROA526DVXENBMPV2S6IA"
          },
          "sensitive_attributes": [],
          "private": "bnVsbA==",
          "dependencies": [
            "aws_eks_cluster.axway-cluster",
            "aws_iam_openid_connect_provider.eks",
            "aws_iam_role.eks-cluster",
            "aws_iam_role_policy_attachment.amazon-eks-cluster-policy",
            "data.aws_iam_policy_document.aws_load_balancer_controller_assume_role_policy",
            "data.aws_subnet.private_sub_devops1a",
            "data.aws_subnet.private_sub_devops1b",
            "data.aws_subnet.private_sub_devops1c",
            "data.aws_subnet.public_sub_devops1a",
            "data.aws_subnet.public_sub_devops1b",
            "data.aws_subnet.public_sub_devops1c",
            "data.tls_certificate.eks"
          ]
        }
      ]
    },
    {
      "mode": "managed",
      "type": "aws_iam_role",
      "name": "eks-cluster",
      "provider": "provider[\"registry.terraform.io/hashicorp/aws\"]",
      "instances": [
        {
          "schema_version": 0,
          "attributes": {
            "arn": "arn:aws:iam::951208753434:role/eks-cluster-axway-cluster",
            "assume_role_policy": "{\"Version\":\"2012-10-17\",\"Statement\":[{\"Effect\":\"Allow\",\"Principal\":{\"Service\":\"eks.amazonaws.com\"},\"Action\":\"sts:AssumeRole\"}]}",
            "create_date": "2022-09-15T04:03:47Z",
            "description": "",
            "force_detach_policies": false,
            "id": "eks-cluster-axway-cluster",
            "inline_policy": [
              {
                "name": "",
                "policy": ""
              }
            ],
            "managed_policy_arns": [
              "arn:aws:iam::aws:policy/AmazonEKSClusterPolicy"
            ],
            "max_session_duration": 3600,
            "name": "eks-cluster-axway-cluster",
            "name_prefix": "",
            "path": "/",
            "permissions_boundary": null,
            "tags": {},
            "tags_all": {},
            "unique_id": "AROA526DVXENLRZ4B6UZY"
          },
          "sensitive_attributes": [],
          "private": "bnVsbA=="
        }
      ]
    },
    {
      "mode": "managed",
      "type": "aws_iam_role",
      "name": "nodes",
      "provider": "provider[\"registry.terraform.io/hashicorp/aws\"]",
      "instances": [
        {
          "schema_version": 0,
          "attributes": {
            "arn": "arn:aws:iam::951208753434:role/eks-node-group-nodes",
            "assume_role_policy": "{\"Version\":\"2012-10-17\",\"Statement\":[{\"Effect\":\"Allow\",\"Principal\":{\"Service\":\"ec2.amazonaws.com\"},\"Action\":\"sts:AssumeRole\"}]}",
            "create_date": "2022-09-15T03:25:11Z",
            "description": "",
            "force_detach_policies": false,
            "id": "eks-node-group-nodes",
            "inline_policy": [
              {
                "name": "",
                "policy": ""
              }
            ],
            "managed_policy_arns": [
              "arn:aws:iam::aws:policy/AmazonEC2ContainerRegistryReadOnly",
              "arn:aws:iam::aws:policy/AmazonEKSWorkerNodePolicy",
              "arn:aws:iam::aws:policy/AmazonEKS_CNI_Policy"
            ],
            "max_session_duration": 3600,
            "name": "eks-node-group-nodes",
            "name_prefix": "",
            "path": "/",
            "permissions_boundary": null,
            "tags": {},
            "tags_all": {},
            "unique_id": "AROA526DVXENPRN7UYW7Z"
          },
          "sensitive_attributes": [],
          "private": "bnVsbA=="
        }
      ]
    },
    {
      "mode": "managed",
      "type": "aws_iam_role_policy_attachment",
      "name": "amazon-ec2-container-registry-read-only",
      "provider": "provider[\"registry.terraform.io/hashicorp/aws\"]",
      "instances": [
        {
          "schema_version": 0,
          "attributes": {
            "id": "eks-node-group-nodes-20220915032513650600000003",
            "policy_arn": "arn:aws:iam::aws:policy/AmazonEC2ContainerRegistryReadOnly",
            "role": "eks-node-group-nodes"
          },
          "sensitive_attributes": [],
          "private": "bnVsbA==",
          "dependencies": [
            "aws_iam_role.nodes"
          ]
        }
      ]
    },
    {
      "mode": "managed",
      "type": "aws_iam_role_policy_attachment",
      "name": "amazon-eks-cluster-policy",
      "provider": "provider[\"registry.terraform.io/hashicorp/aws\"]",
      "instances": [
        {
          "schema_version": 0,
          "attributes": {
            "id": "eks-cluster-axway-cluster-20220915040349093700000001",
            "policy_arn": "arn:aws:iam::aws:policy/AmazonEKSClusterPolicy",
            "role": "eks-cluster-axway-cluster"
          },
          "sensitive_attributes": [],
          "private": "bnVsbA==",
          "dependencies": [
            "aws_iam_role.eks-cluster"
          ]
        }
      ]
    },
    {
      "mode": "managed",
      "type": "aws_iam_role_policy_attachment",
      "name": "amazon-eks-cni-policy",
      "provider": "provider[\"registry.terraform.io/hashicorp/aws\"]",
      "instances": [
        {
          "schema_version": 0,
          "attributes": {
            "id": "eks-node-group-nodes-20220915032513523700000002",
            "policy_arn": "arn:aws:iam::aws:policy/AmazonEKS_CNI_Policy",
            "role": "eks-node-group-nodes"
          },
          "sensitive_attributes": [],
          "private": "bnVsbA==",
          "dependencies": [
            "aws_iam_role.nodes"
          ]
        }
      ]
    },
    {
      "mode": "managed",
      "type": "aws_iam_role_policy_attachment",
      "name": "amazon-eks-worker-node-policy",
      "provider": "provider[\"registry.terraform.io/hashicorp/aws\"]",
      "instances": [
        {
          "schema_version": 0,
          "attributes": {
            "id": "eks-node-group-nodes-20220915032513521100000001",
            "policy_arn": "arn:aws:iam::aws:policy/AmazonEKSWorkerNodePolicy",
            "role": "eks-node-group-nodes"
          },
          "sensitive_attributes": [],
          "private": "bnVsbA==",
          "dependencies": [
            "aws_iam_role.nodes"
          ]
        }
      ]
    },
    {
      "mode": "managed",
      "type": "aws_iam_role_policy_attachment",
      "name": "aws_load_balancer_controller_attach",
      "provider": "provider[\"registry.terraform.io/hashicorp/aws\"]",
      "instances": [
        {
          "schema_version": 0,
          "attributes": {
            "id": "aws-load-balancer-controller-20220915033340892600000006",
            "policy_arn": "arn:aws:iam::951208753434:policy/AWSLoadBalancerController",
            "role": "aws-load-balancer-controller"
          },
          "sensitive_attributes": [],
          "private": "bnVsbA==",
          "dependencies": [
            "aws_eks_cluster.axway-cluster",
            "aws_iam_openid_connect_provider.eks",
            "aws_iam_policy.aws_load_balancer_controller",
            "aws_iam_role.aws_load_balancer_controller",
            "aws_iam_role.eks-cluster",
            "aws_iam_role_policy_attachment.amazon-eks-cluster-policy",
            "data.aws_iam_policy_document.aws_load_balancer_controller_assume_role_policy",
            "data.aws_subnet.private_sub_devops1a",
            "data.aws_subnet.private_sub_devops1b",
            "data.aws_subnet.private_sub_devops1c",
            "data.aws_subnet.public_sub_devops1a",
            "data.aws_subnet.public_sub_devops1b",
            "data.aws_subnet.public_sub_devops1c",
            "data.tls_certificate.eks"
          ]
        }
      ]
    },
    {
      "mode": "managed",
      "type": "aws_instance",
      "name": "axway-ec2",
      "provider": "provider[\"registry.terraform.io/hashicorp/aws\"]",
      "instances": [
        {
          "schema_version": 1,
          "attributes": {
            "ami": "ami-0a76dbe62e83d9108",
            "arn": "arn:aws:ec2:eu-west-1:951208753434:instance/i-02d94db7ad1fe4a53",
            "associate_public_ip_address": true,
            "availability_zone": "eu-west-1a",
            "capacity_reservation_specification": [
              {
                "capacity_reservation_preference": "open",
                "capacity_reservation_target": []
              }
            ],
            "cpu_core_count": 4,
            "cpu_threads_per_core": 1,
            "credit_specification": [
              {
                "cpu_credits": "standard"
              }
            ],
            "disable_api_termination": false,
            "ebs_block_device": [],
            "ebs_optimized": false,
            "enclave_options": [
              {
                "enabled": false
              }
            ],
            "ephemeral_block_device": [],
            "get_password_data": false,
            "hibernation": false,
            "host_id": null,
            "iam_instance_profile": "",
            "id": "i-02d94db7ad1fe4a53",
            "instance_initiated_shutdown_behavior": "stop",
            "instance_state": "running",
            "instance_type": "t2.xlarge",
            "ipv6_address_count": 0,
            "ipv6_addresses": [],
            "key_name": "axway_key",
            "launch_template": [],
            "metadata_options": [
              {
                "http_endpoint": "enabled",
                "http_put_response_hop_limit": 1,
                "http_tokens": "optional",
                "instance_metadata_tags": "disabled"
              }
            ],
            "monitoring": false,
            "network_interface": [],
            "outpost_arn": "",
            "password_data": "",
            "placement_group": "",
            "placement_partition_number": null,
            "primary_network_interface_id": "eni-0a5ac8ca6d830da20",
            "private_dns": "ip-192-168-3-123.eu-west-1.compute.internal",
            "private_ip": "192.168.3.123",
            "public_dns": "ec2-34-244-136-241.eu-west-1.compute.amazonaws.com",
            "public_ip": "34.244.136.241",
            "root_block_device": [
              {
                "delete_on_termination": true,
                "device_name": "/dev/xvda",
                "encrypted": false,
                "iops": 750,
                "kms_key_id": "",
                "tags": {
                  "Project": "Openbanking-fdx-dev"
                },
                "throughput": 0,
                "volume_id": "vol-0d13307bb1299ae2d",
                "volume_size": 250,
                "volume_type": "gp2"
              }
            ],
            "secondary_private_ips": [],
            "security_groups": [
              "sg-08accdf076f4b603e"
            ],
            "source_dest_check": true,
            "subnet_id": "subnet-088da042945e7c206",
            "tags": {
              "Name": "axway-cluster-BASTION",
              "Project": "Openbanking-fdx-dev"
            },
            "tags_all": {
              "Name": "axway-cluster-BASTION",
              "Project": "Openbanking-fdx-dev"
            },
            "tenancy": "default",
            "timeouts": null,
            "user_data": null,
            "user_data_base64": null,
            "user_data_replace_on_change": false,
            "volume_tags": null,
            "vpc_security_group_ids": [
              "sg-08accdf076f4b603e"
            ]
          },
          "sensitive_attributes": [],
          "private": "eyJlMmJmYjczMC1lY2FhLTExZTYtOGY4OC0zNDM2M2JjN2M0YzAiOnsiY3JlYXRlIjo2MDAwMDAwMDAwMDAsImRlbGV0ZSI6MTIwMDAwMDAwMDAwMCwidXBkYXRlIjo2MDAwMDAwMDAwMDB9LCJzY2hlbWFfdmVyc2lvbiI6IjEifQ==",
          "dependencies": [
            "aws_security_group.ssh-security-group",
            "data.aws_subnet.public_sub_devops1a"
          ],
          "create_before_destroy": true
        }
      ]
    },
    {
      "mode": "managed",
      "type": "aws_instance",
      "name": "ec2_cassandra",
      "provider": "provider[\"registry.terraform.io/hashicorp/aws\"]",
      "instances": [
        {
          "schema_version": 1,
          "attributes": {
            "ami": "ami-0a76dbe62e83d9108",
            "arn": "arn:aws:ec2:eu-west-1:951208753434:instance/i-056fce310c35bd0a5",
            "associate_public_ip_address": false,
            "availability_zone": "eu-west-1a",
            "capacity_reservation_specification": [
              {
                "capacity_reservation_preference": "open",
                "capacity_reservation_target": []
              }
            ],
            "cpu_core_count": 4,
            "cpu_threads_per_core": 1,
            "credit_specification": [
              {
                "cpu_credits": "standard"
              }
            ],
            "disable_api_termination": false,
            "ebs_block_device": [],
            "ebs_optimized": false,
            "enclave_options": [
              {
                "enabled": false
              }
            ],
            "ephemeral_block_device": [],
            "get_password_data": false,
            "hibernation": false,
            "host_id": null,
            "iam_instance_profile": "",
            "id": "i-056fce310c35bd0a5",
            "instance_initiated_shutdown_behavior": "stop",
            "instance_state": "running",
            "instance_type": "t2.xlarge",
            "ipv6_address_count": 0,
            "ipv6_addresses": [],
            "key_name": "axway_key",
            "launch_template": [],
            "metadata_options": [
              {
                "http_endpoint": "enabled",
                "http_put_response_hop_limit": 1,
                "http_tokens": "optional",
                "instance_metadata_tags": "disabled"
              }
            ],
            "monitoring": false,
            "network_interface": [],
            "outpost_arn": "",
            "password_data": "",
            "placement_group": "",
            "placement_partition_number": null,
            "primary_network_interface_id": "eni-0cf184a73a5e8093b",
            "private_dns": "ip-192-168-98-128.eu-west-1.compute.internal",
            "private_ip": "192.168.98.128",
            "public_dns": "",
            "public_ip": "",
            "root_block_device": [
              {
                "delete_on_termination": true,
                "device_name": "/dev/xvda",
                "encrypted": false,
                "iops": 750,
                "kms_key_id": "",
                "tags": {
                  "Project": "Openbanking-fdx-dev"
                },
                "throughput": 0,
                "volume_id": "vol-048a5728a698f9981",
                "volume_size": 250,
                "volume_type": "gp2"
              }
            ],
            "secondary_private_ips": [],
            "security_groups": [
              "sg-08accdf076f4b603e"
            ],
            "source_dest_check": true,
            "subnet_id": "subnet-066bdf321c7bf0bd8",
            "tags": {
              "Name": "axway-EC2-cassandra",
              "Project": "Openbanking-fdx-dev"
            },
            "tags_all": {
              "Name": "axway-EC2-cassandra",
              "Project": "Openbanking-fdx-dev"
            },
            "tenancy": "default",
            "timeouts": null,
            "user_data": null,
            "user_data_base64": null,
            "user_data_replace_on_change": false,
            "volume_tags": null,
            "vpc_security_group_ids": [
              "sg-08accdf076f4b603e"
            ]
          },
          "sensitive_attributes": [],
          "private": "eyJlMmJmYjczMC1lY2FhLTExZTYtOGY4OC0zNDM2M2JjN2M0YzAiOnsiY3JlYXRlIjo2MDAwMDAwMDAwMDAsImRlbGV0ZSI6MTIwMDAwMDAwMDAwMCwidXBkYXRlIjo2MDAwMDAwMDAwMDB9LCJzY2hlbWFfdmVyc2lvbiI6IjEifQ==",
          "dependencies": [
            "aws_security_group.ssh-security-group",
            "data.aws_subnet.private_sub_devops1a"
          ],
          "create_before_destroy": true
        }
      ]
    },
    {
      "mode": "managed",
      "type": "aws_key_pair",
      "name": "key_pair",
      "provider": "provider[\"registry.terraform.io/hashicorp/aws\"]",
      "instances": [
        {
          "schema_version": 1,
          "attributes": {
            "arn": "arn:aws:ec2:eu-west-1:951208753434:key-pair/axway_key",
            "fingerprint": "15:61:74:7e:a8:42:35:00:55:2a:37:88:41:47:b7:5f",
            "id": "axway_key",
            "key_name": "axway_key",
            "key_name_prefix": "",
            "key_pair_id": "key-0df4da3d7f503b878",
            "public_key": "ssh-rsa AAAAB3NzaC1yc2EAAAADAQABAAACAQC6AZRPTb81/kVuYgw/2TMakt8xCpiWdg4JTG1wKwpHRO9fnH8gEXJcYoWtFYBTGbq8IszYTM2XfgC1mxfNnOJ0IuKiLRTIhjswGurObJMw7oXsbJ4L3eOqyRShfEnBYFjKjU8lYISvU1LljSeSNnD27Pccm0Ci5JmGFyk++HCf4Mmlip/ly4m92rHJNp9EvnX1Sb11CrdL2XCNGvVdl1B2FyTnN4MuZxY7oZCXnmd0r9GJPSTxQhbiks+mkWe/T38l6UdNp8ovUvS3oQ+KzZE1QkYSgxwwn5R1PGBJitxYcV3GmbRaDVey54WXBDA8FNNY6g5CXraCextzBH8FG/+UjmMkSwlYHuMIzGZdptMALmrlRXFHOnyinMLCXNSwSBa/Mi3iAJDqiZIC+z7rIY75QKcQTd3llx1nzYPsJrHwgi7toGHxlBW/YmoUPl46vl9eQgsbZZ51ebZUKbFXPKpWgbCM7E+BJ9WnKbPiOicxk4av7FqscsIDLob8S/FERKjFZ8KZ4xRxxKu1Jw1XHj6Pycw/FlOEjEI8VZ7oAtjf3pQNuRFZ7jm+wKeZ27une6mUEQyD5oL+abgVcuECzDXrA3mWx06cCP9VGjlOJbnMTFNIV4SYQw0lctX9adNkdeuW335vyffy9KkgwIj63PP1cxrznEYIf9R6a6GZdc3ykw==",
            "tags": {},
            "tags_all": {}
          },
          "sensitive_attributes": [],
          "private": "eyJzY2hlbWFfdmVyc2lvbiI6IjEifQ==",
          "dependencies": [
            "tls_private_key.key"
          ]
        }
      ]
    },
    {
      "mode": "managed",
      "type": "aws_nat_gateway",
      "name": "axway-nat",
      "provider": "provider[\"registry.terraform.io/hashicorp/aws\"]",
      "instances": [
        {
          "schema_version": 0,
          "attributes": {
            "allocation_id": "eipalloc-005450fd6ad72dec5",
            "connectivity_type": "public",
            "id": "nat-0ddca80943a5d0b6a",
            "network_interface_id": "eni-02f62231a3bdf50f9",
            "private_ip": "192.168.101.177",
            "public_ip": "176.34.213.0",
            "subnet_id": "subnet-066bdf321c7bf0bd8",
            "tags": {
              "Name": "axway-nat"
            },
            "tags_all": {
              "Name": "axway-nat"
            }
          },
          "sensitive_attributes": [],
          "private": "bnVsbA==",
          "dependencies": [
            "aws_eip.axway-eip",
            "data.aws_internet_gateway.igw",
            "data.aws_subnet.private_sub_devops1a"
          ]
        }
      ]
    },
    {
      "mode": "managed",
      "type": "aws_route_table",
      "name": "private",
      "provider": "provider[\"registry.terraform.io/hashicorp/aws\"]",
      "instances": [
        {
          "schema_version": 0,
          "attributes": {
            "arn": "arn:aws:ec2:eu-west-1:951208753434:route-table/rtb-05a49a17088d37359",
            "id": "rtb-05a49a17088d37359",
            "owner_id": "951208753434",
            "propagating_vgws": [],
            "route": [
              {
                "carrier_gateway_id": "",
                "cidr_block": "0.0.0.0/0",
                "core_network_arn": "",
                "destination_prefix_list_id": "",
                "egress_only_gateway_id": "",
                "gateway_id": "",
                "instance_id": "",
                "ipv6_cidr_block": "",
                "local_gateway_id": "",
                "nat_gateway_id": "nat-0ddca80943a5d0b6a",
                "network_interface_id": "",
                "transit_gateway_id": "",
                "vpc_endpoint_id": "",
                "vpc_peering_connection_id": ""
              }
            ],
            "tags": {
              "Name": "private"
            },
            "tags_all": {
              "Name": "private"
            },
            "timeouts": null,
            "vpc_id": "vpc-0d14f6586e6b10314"
          },
          "sensitive_attributes": [],
          "private": "eyJlMmJmYjczMC1lY2FhLTExZTYtOGY4OC0zNDM2M2JjN2M0YzAiOnsiY3JlYXRlIjozMDAwMDAwMDAwMDAsImRlbGV0ZSI6MzAwMDAwMDAwMDAwLCJ1cGRhdGUiOjEyMDAwMDAwMDAwMH19",
          "dependencies": [
            "aws_eip.axway-eip",
            "aws_nat_gateway.axway-nat",
            "data.aws_internet_gateway.igw",
            "data.aws_subnet.private_sub_devops1a",
            "data.aws_vpc.vpc_devops"
          ]
        }
      ]
    },
    {
      "mode": "managed",
      "type": "aws_route_table",
      "name": "public",
      "provider": "provider[\"registry.terraform.io/hashicorp/aws\"]",
      "instances": [
        {
          "schema_version": 0,
          "attributes": {
            "arn": "arn:aws:ec2:eu-west-1:951208753434:route-table/rtb-07d9a0b0698fa8fa1",
            "id": "rtb-07d9a0b0698fa8fa1",
            "owner_id": "951208753434",
            "propagating_vgws": [],
            "route": [
              {
                "carrier_gateway_id": "",
                "cidr_block": "0.0.0.0/0",
                "core_network_arn": "",
                "destination_prefix_list_id": "",
                "egress_only_gateway_id": "",
                "gateway_id": "igw-06508981fefba086f",
                "instance_id": "",
                "ipv6_cidr_block": "",
                "local_gateway_id": "",
                "nat_gateway_id": "",
                "network_interface_id": "",
                "transit_gateway_id": "",
                "vpc_endpoint_id": "",
                "vpc_peering_connection_id": ""
              }
            ],
            "tags": {
              "Name": "public"
            },
            "tags_all": {
              "Name": "public"
            },
            "timeouts": null,
            "vpc_id": "vpc-0d14f6586e6b10314"
          },
          "sensitive_attributes": [],
          "private": "eyJlMmJmYjczMC1lY2FhLTExZTYtOGY4OC0zNDM2M2JjN2M0YzAiOnsiY3JlYXRlIjozMDAwMDAwMDAwMDAsImRlbGV0ZSI6MzAwMDAwMDAwMDAwLCJ1cGRhdGUiOjEyMDAwMDAwMDAwMH19",
          "dependencies": [
            "data.aws_internet_gateway.igw",
            "data.aws_vpc.vpc_devops"
          ]
        }
      ]
    },
    {
      "mode": "managed",
      "type": "aws_security_group",
      "name": "ssh-security-group",
      "provider": "provider[\"registry.terraform.io/hashicorp/aws\"]",
      "instances": [
        {
          "schema_version": 1,
          "attributes": {
            "arn": "arn:aws:ec2:eu-west-1:951208753434:security-group/sg-08accdf076f4b603e",
            "description": "Enable SSH access on Port 22",
            "egress": [
              {
                "cidr_blocks": [
                  "0.0.0.0/0"
                ],
                "description": "",
                "from_port": 0,
                "ipv6_cidr_blocks": [],
                "prefix_list_ids": [],
                "protocol": "-1",
                "security_groups": [],
                "self": false,
                "to_port": 0
              }
            ],
            "id": "sg-08accdf076f4b603e",
            "ingress": [
              {
                "cidr_blocks": [
                  "0.0.0.0/0"
                ],
                "description": "SSH Access",
                "from_port": 22,
                "ipv6_cidr_blocks": [],
                "prefix_list_ids": [],
                "protocol": "tcp",
                "security_groups": [],
                "self": false,
                "to_port": 22
              }
            ],
            "name": "axway-cluster-sg-prod",
            "name_prefix": "",
            "owner_id": "951208753434",
            "revoke_rules_on_delete": false,
            "tags": {
              "Name": "SSH Security Group"
            },
            "tags_all": {
              "Name": "SSH Security Group"
            },
            "timeouts": null,
            "vpc_id": "vpc-0d14f6586e6b10314"
          },
          "sensitive_attributes": [],
          "private": "eyJlMmJmYjczMC1lY2FhLTExZTYtOGY4OC0zNDM2M2JjN2M0YzAiOnsiY3JlYXRlIjo2MDAwMDAwMDAwMDAsImRlbGV0ZSI6OTAwMDAwMDAwMDAwfSwic2NoZW1hX3ZlcnNpb24iOiIxIn0=",
          "dependencies": [
            "data.aws_vpc.vpc_devops"
          ],
          "create_before_destroy": true
        }
      ]
    },
    {
      "mode": "managed",
      "type": "helm_release",
      "name": "aws-load-balancer-controller",
      "provider": "provider[\"registry.terraform.io/hashicorp/helm\"]",
      "instances": [
        {
          "schema_version": 0,
          "attributes": {
            "atomic": false,
            "chart": "aws-load-balancer-controller",
            "cleanup_on_fail": false,
            "create_namespace": false,
            "dependency_update": false,
            "description": null,
            "devel": null,
            "disable_crd_hooks": false,
            "disable_openapi_validation": false,
            "disable_webhooks": false,
            "force_update": false,
            "id": "aws-load-balancer-controller",
            "keyring": null,
            "lint": false,
            "manifest": null,
            "max_history": 0,
            "metadata": [
              {
                "app_version": "v2.4.1",
                "chart": "aws-load-balancer-controller",
                "name": "aws-load-balancer-controller",
                "namespace": "kube-system",
                "revision": 1,
                "values": "{\"clusterName\":\"axway-cluster\",\"image\":{\"tag\":\"v2.4.2\"},\"serviceAccount\":{\"annotations\":{\"eks.amazonaws.com/role-arn\":\"arn:aws:iam::951208753434:role/aws-load-balancer-controller\"},\"name\":\"aws-load-balancer-controller\"}}",
                "version": "1.4.1"
              }
            ],
            "name": "aws-load-balancer-controller",
            "namespace": "kube-system",
            "pass_credentials": false,
            "postrender": [],
            "recreate_pods": false,
            "render_subchart_notes": true,
            "replace": false,
            "repository": "https://aws.github.io/eks-charts",
            "repository_ca_file": null,
            "repository_cert_file": null,
            "repository_key_file": null,
            "repository_password": null,
            "repository_username": null,
            "reset_values": false,
            "reuse_values": false,
            "set": [
              {
                "name": "clusterName",
                "type": "",
                "value": "axway-cluster"
              },
              {
                "name": "image.tag",
                "type": "",
                "value": "v2.4.2"
              },
              {
                "name": "serviceAccount.annotations.eks\\.amazonaws\\.com/role-arn",
                "type": "",
                "value": "arn:aws:iam::951208753434:role/aws-load-balancer-controller"
              },
              {
                "name": "serviceAccount.name",
                "type": "",
                "value": "aws-load-balancer-controller"
              }
            ],
            "set_sensitive": [],
            "skip_crds": false,
            "status": "deployed",
            "timeout": 300,
            "values": null,
            "verify": false,
            "version": "1.4.1",
            "wait": true,
            "wait_for_jobs": false
          },
          "sensitive_attributes": [],
          "private": "bnVsbA==",
          "dependencies": [
            "aws_eks_cluster.axway-cluster",
            "aws_eks_node_group.private-nodes",
            "aws_iam_role.aws_load_balancer_controller",
            "aws_iam_role_policy_attachment.aws_load_balancer_controller_attach"
          ]
        }
      ]
    },
    {
      "mode": "managed",
      "type": "local_file",
      "name": "private_key",
      "provider": "provider[\"registry.terraform.io/hashicorp/local\"]",
      "instances": [
        {
          "schema_version": 0,
          "attributes": {
            "content": "-----BEGIN RSA PRIVATE KEY-----\nMIIJKAIBAAKCAgEAugGUT02/Nf5FbmIMP9kzGpLfMQqYlnYOCUxtcCsKR0TvX5x/\nIBFyXGKFrRWAUxm6vCLM2EzNl34AtZsXzZzidCLioi0UyIY7MBrqzmyTMO6F7Gye\nC93jqskUoXxJwWBYyo1PJWCEr1NS5Y0nkjZw9uz3HJtAouSZhhcpPvhwn+DJpYqf\n5cuJvdqxyTafRL519Um9dQq3S9lwjRr1XZdQdhck5zeDLmcWO6GQl55ndK/RiT0k\n8UIW4pLPppFnv09/JelHTafKL1L0t6EPis2RNUJGEoMcMJ+UdTxgSYrcWHFdxpm0\nWg1XsueFlwQwPBTTWOoOQl62gnsbcwR/BRv/lI5jJEsJWB7jCMxmXabTAC5q5UVx\nRzp8opzCwlzUsEgWvzIt4gCQ6omSAvs+6yGO+UCnEE3d5ZcdZ82D7Cax8IIu7aBh\n8ZQVv2JqFD5eOr5fXkILG2WedXm2VCmxVzyqVoGwjOxPgSfVpymz4jonMZOGr+xa\nrHLCAy6G/EvxRESoxWfCmeMUccSrtScNVx4+j8nMPxZThIxCPFWe6ALY396UDbkR\nWe45vsCnmdu7p3uplBEMg+aC/mm4FXLhAsw16wN5lsdOnAj/VRo5TiW5zExTSFeE\nmEMNJXLV/WnTZHXrlt9+b8n38vSpIMCI+tzz9XMa85xGCH/UemuhmXXN8pMCAwEA\nAQKCAgEAg710nopxQDucT2bwSBR8xnh5zdE0a3Sn0lwoMsa5G+suIyjDPSI+PkKl\nbQaKgdD6Wh/Ht/cFsiNTO0zimgVgumKu47BMRQ4VQ6f84EE0Kvb1MZNoiP0aL68F\nhq5xyp2DpcpZ4R4wO8EnOGA2Q699aNZC2yb2q6h/N+KVmvz5P7NE/pNlVqtHHomT\nW/Ds8xJ2l0kn/4qccgNKXRZX7HasTUdtIrpFlgr7SzbOIyTVH2cbYDlHPfzSGp1i\npxXbRjt20ZIcp1qMr+HwY1KWoHeiPfd3i8sCn0mXK0Wc6NmJ4LZCddQNUa6bi6HB\nE0mrJBKX8iSr/sP4PggVU+w+To8a/5Q2LXMQVzR6KYFJIn61Eo3ZwUU9v1XQQUsr\nnJOa3UJNxK8nnRR1jGXbq6GZoFLULDPQA5VfkFiJQ81WGfRkpDxHlbSpSBD5sm8u\nQitvEQkldth9cNJR7cVwgjgLRKQ6vTJhtfe0r/ukrTrVJg/b+NZEyBcoJ1Dd/y14\nJq77NyLQbVWbJbvKQpTiDVoB/k/EHFiPavXdD6KHWVdh12tREMh4c9pYRxSUNpqO\nMSjtIW14ONDcKVzE7oAU0CaedKo0CBmi616mk+IIR0M4Ds4kJSycFaLs06NCYLsk\nDbO/yRAb4fGVKQbTrrRetuIC9ZAdBIXyUZQB8qQB7ThzawlyGxECggEBAMDf1ii3\nBEZ7rjU9VikJ/yTE4smJyaHxowItfk+De6+NQ+lQ8GcfPanXBgUh5ixf/P7JQW53\nfNAzm068NhbdBBvuN7m3VUorMoTSSIYpRKcACyyJaTBcBrNgmzWDRd2gYZIIHjjF\nsk37YerrVv9O+AwHPmiS2QNoLI4AauQcgA6S9cgKDBltTkhblZ3pzq82mIvlXySV\n8FvD2vMYVYKD9yBiSsXw+4TRfV5tlYtOmDfeexCPqJXLKBH2ianI14M7PWU/72KR\n87EwPsUziK9Ty+j0yPIitf9k/YvWl6MEVP9S3TFngYZx/jXYXNfTwH9FHMQpQsxZ\nQHx20X1EI97ssFsCggEBAPbiSOHa9zOfmoxKsJr9m1Zis4czB4dIV0V9P5mcZ/8s\n1kOdz0nu41yxpISPHmFiSEM7pyT2c6yt9PDHv4jFj2FRUSRhwBvSQOIRRxG04l4h\nQDM802qgS7ZjiNMw08Nz0bAOkogKqtcdCdfwYBhkDy6d253usdBmiilVm8jVWEt2\n8FLO+hRUOeu0tsjnZKnPXMo0cYiWVG4jK5+89BTLERKi+eeMnRqjIohnc+tlh4bC\n1v1h/adIjLbrYLFWRkA5A9sbjUD0WOujVVc85r7pr8ur60BqsxeVqz0rLDiJFv9l\ne6zkZwUD7ojyLjuiug3O8QWxok4tLGbE4aoC7J6fXCkCggEAAMDfFUmhuqTBCXQz\n4fUoCfy65g6juv42pMuIssbQtN7YZRDr33s/wmoUm/CF9aZqVpRyrPvKgQWylZwm\nmfBDE9jaXt9YdfG1QM+RePSwT/awFHx07LtvS0QVVyAsJbF6sBdYBuC+0Y8p0sEY\nlea5EVL163KnZlwB0Iwv3rQ9y9DHJQDlCzRiGeZBr1w6cnTEI8fBl2L+jV02fbya\nmOfrDzVTFXLbiKlI1BWZf/HOpmk4Edh90Bf7EBbmcsNWFC0nED4vsTLgwNBvblXF\nMuog4cgTAN8h1t2OH/22mexqaJTqSEcfOmc3lv5BXpZ1KgobEqkWmbW/irzsFJEv\nkq9aAQKCAQBNbr2jMPU1mMp1U/u+MOqmloBuWB/1W0gcAGORP1AS5bIyNO3N54Ii\nEYljFixWKOg3Rh9vZWj0cP8RAeVd9XC5+jIz8gC5+SDmhrq+n/gbw9wJ9frtR2dX\nxjIk4vyYIdxTls54orfgjjgHJVpObBui6Fn4V+QnU/HjcvlQbTGrQZuwrUAcXipo\ndh6aNpEI/YPB2978EwJaJOfKyw3W87XgHYO6Dw07TI1JMQFXhFmUd8nMYQ6YiBWy\nTXLfTArum7NM5oBQLhMxnOHoYa6RlGPRwpMfehe/vu6dWcwd00mGQwMeP+jb1tba\n1vKPO8OVDyHjQkqAsIRrmzaYByDFw3+5AoIBABuRwIImU4qyugA26HEgb2Fd9SiZ\nsT3hw0TFH7RoVtS89QpN5z7dy/TccXi5+02n2fjw/g62I6ScFRpQwhlPvZeRGQMB\n5ls717A8zw5OjOQKQO4xoi+EasCpmPPFHsX6JiFZqtvKJa2GxxujI2PFrerIGJ6B\nTEl9quKgUD+W//khZNGkcFmfn2gdL8rgR6j7s6SKvqrWl4kP2pA3vYmFYt2Dj3sr\n8OQrwPf9iA0xfDS0z/3wODH3eOakOtt/pAWu9Iwue4P0wgWl8ffAO61+YOCAcDoc\n2GhOZzQHKCFNI9WmIFIwbJ9MJF3dhHk59qmrKOMmCFsu2m9dPqX3a4lKLC8=\n-----END RSA PRIVATE KEY-----\n",
            "content_base64": null,
            "directory_permission": "0777",
            "file_permission": "0600",
            "filename": "axway_key.pem",
            "id": "9e488f271df0e975a05d1ee6e16519f4bbc9b495",
            "sensitive_content": null,
            "source": null
          },
          "sensitive_attributes": [
            [
              {
                "type": "get_attr",
                "value": "content"
              }
            ]
          ],
          "private": "bnVsbA==",
          "dependencies": [
            "tls_private_key.key"
          ]
        }
      ]
    },
    {
      "mode": "managed",
      "type": "tls_private_key",
      "name": "key",
      "provider": "provider[\"registry.terraform.io/hashicorp/tls\"]",
      "instances": [
        {
          "schema_version": 0,
          "attributes": {
            "algorithm": "RSA",
            "ecdsa_curve": "P224",
            "id": "f1a807ac6121c0af808bdcce1cc7d34160482021",
            "private_key_openssh": "-----BEGIN OPENSSH PRIVATE KEY-----\nb3BlbnNzaC1rZXktdjEAAAAABG5vbmUAAAAEbm9uZQAAAAAAAAABAAACFwAAAAdz\nc2gtcnNhAAAAAwEAAQAAAgEAugGUT02/Nf5FbmIMP9kzGpLfMQqYlnYOCUxtcCsK\nR0TvX5x/IBFyXGKFrRWAUxm6vCLM2EzNl34AtZsXzZzidCLioi0UyIY7MBrqzmyT\nMO6F7GyeC93jqskUoXxJwWBYyo1PJWCEr1NS5Y0nkjZw9uz3HJtAouSZhhcpPvhw\nn+DJpYqf5cuJvdqxyTafRL519Um9dQq3S9lwjRr1XZdQdhck5zeDLmcWO6GQl55n\ndK/RiT0k8UIW4pLPppFnv09/JelHTafKL1L0t6EPis2RNUJGEoMcMJ+UdTxgSYrc\nWHFdxpm0Wg1XsueFlwQwPBTTWOoOQl62gnsbcwR/BRv/lI5jJEsJWB7jCMxmXabT\nAC5q5UVxRzp8opzCwlzUsEgWvzIt4gCQ6omSAvs+6yGO+UCnEE3d5ZcdZ82D7Cax\n8IIu7aBh8ZQVv2JqFD5eOr5fXkILG2WedXm2VCmxVzyqVoGwjOxPgSfVpymz4jon\nMZOGr+xarHLCAy6G/EvxRESoxWfCmeMUccSrtScNVx4+j8nMPxZThIxCPFWe6ALY\n396UDbkRWe45vsCnmdu7p3uplBEMg+aC/mm4FXLhAsw16wN5lsdOnAj/VRo5TiW5\nzExTSFeEmEMNJXLV/WnTZHXrlt9+b8n38vSpIMCI+tzz9XMa85xGCH/UemuhmXXN\n8pMAAAc4ddqp7HXaqewAAAAHc3NoLXJzYQAAAgEAugGUT02/Nf5FbmIMP9kzGpLf\nMQqYlnYOCUxtcCsKR0TvX5x/IBFyXGKFrRWAUxm6vCLM2EzNl34AtZsXzZzidCLi\noi0UyIY7MBrqzmyTMO6F7GyeC93jqskUoXxJwWBYyo1PJWCEr1NS5Y0nkjZw9uz3\nHJtAouSZhhcpPvhwn+DJpYqf5cuJvdqxyTafRL519Um9dQq3S9lwjRr1XZdQdhck\n5zeDLmcWO6GQl55ndK/RiT0k8UIW4pLPppFnv09/JelHTafKL1L0t6EPis2RNUJG\nEoMcMJ+UdTxgSYrcWHFdxpm0Wg1XsueFlwQwPBTTWOoOQl62gnsbcwR/BRv/lI5j\nJEsJWB7jCMxmXabTAC5q5UVxRzp8opzCwlzUsEgWvzIt4gCQ6omSAvs+6yGO+UCn\nEE3d5ZcdZ82D7Cax8IIu7aBh8ZQVv2JqFD5eOr5fXkILG2WedXm2VCmxVzyqVoGw\njOxPgSfVpymz4jonMZOGr+xarHLCAy6G/EvxRESoxWfCmeMUccSrtScNVx4+j8nM\nPxZThIxCPFWe6ALY396UDbkRWe45vsCnmdu7p3uplBEMg+aC/mm4FXLhAsw16wN5\nlsdOnAj/VRo5TiW5zExTSFeEmEMNJXLV/WnTZHXrlt9+b8n38vSpIMCI+tzz9XMa\n85xGCH/UemuhmXXN8pMAAAADAQABAAACAQCDvXSeinFAO5xPZvBIFHzGeHnN0TRr\ndKfSXCgyxrkb6y4jKMM9Ij4+QqVtBoqB0PpaH8e39wWyI1M7TOKaBWC6Yq7jsExF\nDhVDp/zgQTQq9vUxk2iI/RovrwWGrnHKnYOlylnhHjA7wSc4YDZDr31o1kLbJvar\nqH834pWa/Pk/s0T+k2VWq0ceiZNb8OzzEnaXSSf/ipxyA0pdFlfsdqxNR20iukWW\nCvtLNs4jJNUfZxtgOUc9/NIanWKnFdtGO3bRkhynWoyv4fBjUpagd6I993eLywKf\nSZcrRZzo2YngtkJ11A1RrpuLocETSaskEpfyJKv+w/g+CBVT7D5Ojxr/lDYtcxBX\nNHopgUkifrUSjdnBRT2/VdBBSyuck5rdQk3EryedFHWMZduroZmgUtQsM9ADlV+Q\nWIlDzVYZ9GSkPEeVtKlIEPmyby5CK28RCSV22H1w0lHtxXCCOAtEpDq9MmG197Sv\n+6StOtUmD9v41kTIFygnUN3/LXgmrvs3ItBtVZslu8pClOINWgH+T8QcWI9q9d0P\noodZV2HXa1EQyHhz2lhHFJQ2mo4xKO0hbXg40NwpXMTugBTQJp50qjQIGaLrXqaT\n4ghHQzgOziQlLJwVouzTo0JguyQNs7/JEBvh8ZUpBtOutF624gL1kB0EhfJRlAHy\npAHtOHNrCXIbEQAAAQAbkcCCJlOKsroANuhxIG9hXfUombE94cNExR+0aFbUvPUK\nTec+3cv03HF4uftNp9n48P4OtiOknBUaUMIZT72XkRkDAeZbO9ewPM8OTozkCkDu\nMaIvhGrAqZjzxR7F+iYhWarbyiWthscboyNjxa3qyBiegUxJfarioFA/lv/5IWTR\npHBZn59oHS/K4Eeo+7Okir6q1peJD9qQN72JhWLdg497K/DkK8D3/YgNMXw0tM/9\n8Dgx93jmpDrbf6QFrvSMLnuD9MIFpfH3wDutfmDggHA6HNhoTmc0ByghTSPVpiBS\nMGyfTCRd3YR5OfapqyjjJghbLtpvXT6l92uJSiwvAAABAQDA39YotwRGe641PVYp\nCf8kxOLJicmh8aMCLX5Pg3uvjUPpUPBnHz2p1wYFIeYsX/z+yUFud3zQM5tOvDYW\n3QQb7je5t1VKKzKE0kiGKUSnAAssiWkwXAazYJs1g0XdoGGSCB44xbJN+2Hq61b/\nTvgMBz5oktkDaCyOAGrkHIAOkvXICgwZbU5IW5Wd6c6vNpiL5V8klfBbw9rzGFWC\ng/cgYkrF8PuE0X1ebZWLTpg33nsQj6iVyygR9ompyNeDOz1lP+9ikfOxMD7FM4iv\nU8vo9MjyIrX/ZP2L1pejBFT/Ut0xZ4GGcf412FzX08B/RRzEKULMWUB8dtF9RCPe\n7LBbAAABAQD24kjh2vczn5qMSrCa/ZtWYrOHMweHSFdFfT+ZnGf/LNZDnc9J7uNc\nsaSEjx5hYkhDO6ck9nOsrfTwx7+IxY9hUVEkYcAb0kDiEUcRtOJeIUAzPNNqoEu2\nY4jTMNPDc9GwDpKICqrXHQnX8GAYZA8undud7rHQZoopVZvI1VhLdvBSzvoUVDnr\ntLbI52Spz1zKNHGIllRuIyufvPQUyxESovnnjJ0aoyKIZ3PrZYeGwtb9Yf2nSIy2\n62CxVkZAOQPbG41A9Fjro1VXPOa+6a/Lq+tAarMXlas9Kyw4iRb/ZXus5GcFA+6I\n8i47oroNzvEFsaJOLSxmxOGqAuyen1wpAAAAAAEC\n-----END OPENSSH PRIVATE KEY-----\n",
            "private_key_pem": "-----BEGIN RSA PRIVATE KEY-----\nMIIJKAIBAAKCAgEAugGUT02/Nf5FbmIMP9kzGpLfMQqYlnYOCUxtcCsKR0TvX5x/\nIBFyXGKFrRWAUxm6vCLM2EzNl34AtZsXzZzidCLioi0UyIY7MBrqzmyTMO6F7Gye\nC93jqskUoXxJwWBYyo1PJWCEr1NS5Y0nkjZw9uz3HJtAouSZhhcpPvhwn+DJpYqf\n5cuJvdqxyTafRL519Um9dQq3S9lwjRr1XZdQdhck5zeDLmcWO6GQl55ndK/RiT0k\n8UIW4pLPppFnv09/JelHTafKL1L0t6EPis2RNUJGEoMcMJ+UdTxgSYrcWHFdxpm0\nWg1XsueFlwQwPBTTWOoOQl62gnsbcwR/BRv/lI5jJEsJWB7jCMxmXabTAC5q5UVx\nRzp8opzCwlzUsEgWvzIt4gCQ6omSAvs+6yGO+UCnEE3d5ZcdZ82D7Cax8IIu7aBh\n8ZQVv2JqFD5eOr5fXkILG2WedXm2VCmxVzyqVoGwjOxPgSfVpymz4jonMZOGr+xa\nrHLCAy6G/EvxRESoxWfCmeMUccSrtScNVx4+j8nMPxZThIxCPFWe6ALY396UDbkR\nWe45vsCnmdu7p3uplBEMg+aC/mm4FXLhAsw16wN5lsdOnAj/VRo5TiW5zExTSFeE\nmEMNJXLV/WnTZHXrlt9+b8n38vSpIMCI+tzz9XMa85xGCH/UemuhmXXN8pMCAwEA\nAQKCAgEAg710nopxQDucT2bwSBR8xnh5zdE0a3Sn0lwoMsa5G+suIyjDPSI+PkKl\nbQaKgdD6Wh/Ht/cFsiNTO0zimgVgumKu47BMRQ4VQ6f84EE0Kvb1MZNoiP0aL68F\nhq5xyp2DpcpZ4R4wO8EnOGA2Q699aNZC2yb2q6h/N+KVmvz5P7NE/pNlVqtHHomT\nW/Ds8xJ2l0kn/4qccgNKXRZX7HasTUdtIrpFlgr7SzbOIyTVH2cbYDlHPfzSGp1i\npxXbRjt20ZIcp1qMr+HwY1KWoHeiPfd3i8sCn0mXK0Wc6NmJ4LZCddQNUa6bi6HB\nE0mrJBKX8iSr/sP4PggVU+w+To8a/5Q2LXMQVzR6KYFJIn61Eo3ZwUU9v1XQQUsr\nnJOa3UJNxK8nnRR1jGXbq6GZoFLULDPQA5VfkFiJQ81WGfRkpDxHlbSpSBD5sm8u\nQitvEQkldth9cNJR7cVwgjgLRKQ6vTJhtfe0r/ukrTrVJg/b+NZEyBcoJ1Dd/y14\nJq77NyLQbVWbJbvKQpTiDVoB/k/EHFiPavXdD6KHWVdh12tREMh4c9pYRxSUNpqO\nMSjtIW14ONDcKVzE7oAU0CaedKo0CBmi616mk+IIR0M4Ds4kJSycFaLs06NCYLsk\nDbO/yRAb4fGVKQbTrrRetuIC9ZAdBIXyUZQB8qQB7ThzawlyGxECggEBAMDf1ii3\nBEZ7rjU9VikJ/yTE4smJyaHxowItfk+De6+NQ+lQ8GcfPanXBgUh5ixf/P7JQW53\nfNAzm068NhbdBBvuN7m3VUorMoTSSIYpRKcACyyJaTBcBrNgmzWDRd2gYZIIHjjF\nsk37YerrVv9O+AwHPmiS2QNoLI4AauQcgA6S9cgKDBltTkhblZ3pzq82mIvlXySV\n8FvD2vMYVYKD9yBiSsXw+4TRfV5tlYtOmDfeexCPqJXLKBH2ianI14M7PWU/72KR\n87EwPsUziK9Ty+j0yPIitf9k/YvWl6MEVP9S3TFngYZx/jXYXNfTwH9FHMQpQsxZ\nQHx20X1EI97ssFsCggEBAPbiSOHa9zOfmoxKsJr9m1Zis4czB4dIV0V9P5mcZ/8s\n1kOdz0nu41yxpISPHmFiSEM7pyT2c6yt9PDHv4jFj2FRUSRhwBvSQOIRRxG04l4h\nQDM802qgS7ZjiNMw08Nz0bAOkogKqtcdCdfwYBhkDy6d253usdBmiilVm8jVWEt2\n8FLO+hRUOeu0tsjnZKnPXMo0cYiWVG4jK5+89BTLERKi+eeMnRqjIohnc+tlh4bC\n1v1h/adIjLbrYLFWRkA5A9sbjUD0WOujVVc85r7pr8ur60BqsxeVqz0rLDiJFv9l\ne6zkZwUD7ojyLjuiug3O8QWxok4tLGbE4aoC7J6fXCkCggEAAMDfFUmhuqTBCXQz\n4fUoCfy65g6juv42pMuIssbQtN7YZRDr33s/wmoUm/CF9aZqVpRyrPvKgQWylZwm\nmfBDE9jaXt9YdfG1QM+RePSwT/awFHx07LtvS0QVVyAsJbF6sBdYBuC+0Y8p0sEY\nlea5EVL163KnZlwB0Iwv3rQ9y9DHJQDlCzRiGeZBr1w6cnTEI8fBl2L+jV02fbya\nmOfrDzVTFXLbiKlI1BWZf/HOpmk4Edh90Bf7EBbmcsNWFC0nED4vsTLgwNBvblXF\nMuog4cgTAN8h1t2OH/22mexqaJTqSEcfOmc3lv5BXpZ1KgobEqkWmbW/irzsFJEv\nkq9aAQKCAQBNbr2jMPU1mMp1U/u+MOqmloBuWB/1W0gcAGORP1AS5bIyNO3N54Ii\nEYljFixWKOg3Rh9vZWj0cP8RAeVd9XC5+jIz8gC5+SDmhrq+n/gbw9wJ9frtR2dX\nxjIk4vyYIdxTls54orfgjjgHJVpObBui6Fn4V+QnU/HjcvlQbTGrQZuwrUAcXipo\ndh6aNpEI/YPB2978EwJaJOfKyw3W87XgHYO6Dw07TI1JMQFXhFmUd8nMYQ6YiBWy\nTXLfTArum7NM5oBQLhMxnOHoYa6RlGPRwpMfehe/vu6dWcwd00mGQwMeP+jb1tba\n1vKPO8OVDyHjQkqAsIRrmzaYByDFw3+5AoIBABuRwIImU4qyugA26HEgb2Fd9SiZ\nsT3hw0TFH7RoVtS89QpN5z7dy/TccXi5+02n2fjw/g62I6ScFRpQwhlPvZeRGQMB\n5ls717A8zw5OjOQKQO4xoi+EasCpmPPFHsX6JiFZqtvKJa2GxxujI2PFrerIGJ6B\nTEl9quKgUD+W//khZNGkcFmfn2gdL8rgR6j7s6SKvqrWl4kP2pA3vYmFYt2Dj3sr\n8OQrwPf9iA0xfDS0z/3wODH3eOakOtt/pAWu9Iwue4P0wgWl8ffAO61+YOCAcDoc\n2GhOZzQHKCFNI9WmIFIwbJ9MJF3dhHk59qmrKOMmCFsu2m9dPqX3a4lKLC8=\n-----END RSA PRIVATE KEY-----\n",
            "public_key_fingerprint_md5": "20:9d:ea:24:66:44:28:92:08:b8:dc:2e:c3:d6:ae:af",
            "public_key_fingerprint_sha256": "SHA256:DTCCe7Pt8yDPUAk+LXw7LJz07hWpf7hY/GWom84p8as",
            "public_key_openssh": "ssh-rsa AAAAB3NzaC1yc2EAAAADAQABAAACAQC6AZRPTb81/kVuYgw/2TMakt8xCpiWdg4JTG1wKwpHRO9fnH8gEXJcYoWtFYBTGbq8IszYTM2XfgC1mxfNnOJ0IuKiLRTIhjswGurObJMw7oXsbJ4L3eOqyRShfEnBYFjKjU8lYISvU1LljSeSNnD27Pccm0Ci5JmGFyk++HCf4Mmlip/ly4m92rHJNp9EvnX1Sb11CrdL2XCNGvVdl1B2FyTnN4MuZxY7oZCXnmd0r9GJPSTxQhbiks+mkWe/T38l6UdNp8ovUvS3oQ+KzZE1QkYSgxwwn5R1PGBJitxYcV3GmbRaDVey54WXBDA8FNNY6g5CXraCextzBH8FG/+UjmMkSwlYHuMIzGZdptMALmrlRXFHOnyinMLCXNSwSBa/Mi3iAJDqiZIC+z7rIY75QKcQTd3llx1nzYPsJrHwgi7toGHxlBW/YmoUPl46vl9eQgsbZZ51ebZUKbFXPKpWgbCM7E+BJ9WnKbPiOicxk4av7FqscsIDLob8S/FERKjFZ8KZ4xRxxKu1Jw1XHj6Pycw/FlOEjEI8VZ7oAtjf3pQNuRFZ7jm+wKeZ27une6mUEQyD5oL+abgVcuECzDXrA3mWx06cCP9VGjlOJbnMTFNIV4SYQw0lctX9adNkdeuW335vyffy9KkgwIj63PP1cxrznEYIf9R6a6GZdc3ykw==\n",
            "public_key_pem": "-----BEGIN PUBLIC KEY-----\nMIICIjANBgkqhkiG9w0BAQEFAAOCAg8AMIICCgKCAgEAugGUT02/Nf5FbmIMP9kz\nGpLfMQqYlnYOCUxtcCsKR0TvX5x/IBFyXGKFrRWAUxm6vCLM2EzNl34AtZsXzZzi\ndCLioi0UyIY7MBrqzmyTMO6F7GyeC93jqskUoXxJwWBYyo1PJWCEr1NS5Y0nkjZw\n9uz3HJtAouSZhhcpPvhwn+DJpYqf5cuJvdqxyTafRL519Um9dQq3S9lwjRr1XZdQ\ndhck5zeDLmcWO6GQl55ndK/RiT0k8UIW4pLPppFnv09/JelHTafKL1L0t6EPis2R\nNUJGEoMcMJ+UdTxgSYrcWHFdxpm0Wg1XsueFlwQwPBTTWOoOQl62gnsbcwR/BRv/\nlI5jJEsJWB7jCMxmXabTAC5q5UVxRzp8opzCwlzUsEgWvzIt4gCQ6omSAvs+6yGO\n+UCnEE3d5ZcdZ82D7Cax8IIu7aBh8ZQVv2JqFD5eOr5fXkILG2WedXm2VCmxVzyq\nVoGwjOxPgSfVpymz4jonMZOGr+xarHLCAy6G/EvxRESoxWfCmeMUccSrtScNVx4+\nj8nMPxZThIxCPFWe6ALY396UDbkRWe45vsCnmdu7p3uplBEMg+aC/mm4FXLhAsw1\n6wN5lsdOnAj/VRo5TiW5zExTSFeEmEMNJXLV/WnTZHXrlt9+b8n38vSpIMCI+tzz\n9XMa85xGCH/UemuhmXXN8pMCAwEAAQ==\n-----END PUBLIC KEY-----\n",
            "rsa_bits": 4096
          },
          "sensitive_attributes": [],
          "private": "bnVsbA=="
        }
      ]
    }
  ]
}
